Microsoft Visual Studio Solution File, Format Version 12.00
# Visual Studio 14
Project("{2150E333-8FDC-42A3-9474-1A3956D46DE8}") = "CMakePredefinedTargets", "CMakePredefinedTargets", "{9004C7E5-1769-36E5-892C-CEFF8D7FCAA9}"
EndProject
Project("{8BC9CEB8-8B4A-11D0-8D11-00A0C91BC942}") = "ALL_BUILD", "ALL_BUILD.vcxproj", "{3726A4DD-7DCE-399E-97E8-BB06DFE29F9A}"
	ProjectSection(ProjectDependencies) = postProject
		{F35E1634-4A94-3596-A0D0-9268A8EAEE0A} = {F35E1634-4A94-3596-A0D0-9268A8EAEE0A}
		{3F8BE7DC-9941-3707-BB26-868092F7106D} = {3F8BE7DC-9941-3707-BB26-868092F7106D}
	EndProjectSection
EndProject
Project("{8BC9CEB8-8B4A-11D0-8D11-00A0C91BC942}") = "INSTALL", "INSTALL.vcxproj", "{821F23B3-D33B-3E53-9E1E-C50BDAB088D8}"
	ProjectSection(ProjectDependencies) = postProject
		{3726A4DD-7DCE-399E-97E8-BB06DFE29F9A} = {3726A4DD-7DCE-399E-97E8-BB06DFE29F9A}
		{F35E1634-4A94-3596-A0D0-9268A8EAEE0A} = {F35E1634-4A94-3596-A0D0-9268A8EAEE0A}
	EndProjectSection
EndProject
Project("{8BC9CEB8-8B4A-11D0-8D11-00A0C91BC942}") = "PACKAGE", "PACKAGE.vcxproj", "{A94E1586-6558-36D9-929F-A967261A1334}"
	ProjectSection(ProjectDependencies) = postProject
		{3726A4DD-7DCE-399E-97E8-BB06DFE29F9A} = {3726A4DD-7DCE-399E-97E8-BB06DFE29F9A}
		{F35E1634-4A94-3596-A0D0-9268A8EAEE0A} = {F35E1634-4A94-3596-A0D0-9268A8EAEE0A}
	EndProjectSection
EndProject
Project("{8BC9CEB8-8B4A-11D0-8D11-00A0C91BC942}") = "ZERO_CHECK", "..\\ZERO_CHECK.vcxproj", "{F35E1634-4A94-3596-A0D0-9268A8EAEE0A}"
	ProjectSection(ProjectDependencies) = postProject
	EndProjectSection
EndProject
Project("{8BC9CEB8-8B4A-11D0-8D11-00A0C91BC942}") = "keystone", "keystone\keystone.vcxproj", "{3F8BE7DC-9941-3707-BB26-868092F7106D}"
	ProjectSection(ProjectDependencies) = postProject
		{F35E1634-4A94-3596-A0D0-9268A8EAEE0A} = {F35E1634-4A94-3596-A0D0-9268A8EAEE0A}
	EndProjectSection
EndProject
Global
	GlobalSection(SolutionConfigurationPlatforms) = preSolution
		Debug|Win32 = Debug|Win32
		Release|Win32 = Release|Win32
		MinSizeRel|Win32 = MinSizeRel|Win32
		RelWithDebInfo|Win32 = RelWithDebInfo|Win32
	EndGlobalSection
	GlobalSection(ProjectConfigurationPlatforms) = postSolution
		{3726A4DD-7DCE-399E-97E8-BB06DFE29F9A}.Debug|Win32.ActiveCfg = Debug|Win32
		{3726A4DD-7DCE-399E-97E8-BB06DFE29F9A}.Debug|Win32.Build.0 = Debug|Win32
		{3726A4DD-7DCE-399E-97E8-BB06DFE29F9A}.Release|Win32.ActiveCfg = Release|Win32
		{3726A4DD-7DCE-399E-97E8-BB06DFE29F9A}.Release|Win32.Build.0 = Release|Win32
		{3726A4DD-7DCE-399E-97E8-BB06DFE29F9A}.MinSizeRel|Win32.ActiveCfg = MinSizeRel|Win32
		{3726A4DD-7DCE-399E-97E8-BB06DFE29F9A}.MinSizeRel|Win32.Build.0 = MinSizeRel|Win32
		{3726A4DD-7DCE-399E-97E8-BB06DFE29F9A}.RelWithDebInfo|Win32.ActiveCfg = RelWithDebInfo|Win32
		{3726A4DD-7DCE-399E-97E8-BB06DFE29F9A}.RelWithDebInfo|Win32.Build.0 = RelWithDebInfo|Win32
		{821F23B3-D33B-3E53-9E1E-C50BDAB088D8}.Debug|Win32.ActiveCfg = Debug|Win32
		{821F23B3-D33B-3E53-9E1E-C50BDAB088D8}.Release|Win32.ActiveCfg = Release|Win32
		{821F23B3-D33B-3E53-9E1E-C50BDAB088D8}.MinSizeRel|Win32.ActiveCfg = MinSizeRel|Win32
		{821F23B3-D33B-3E53-9E1E-C50BDAB088D8}.RelWithDebInfo|Win32.ActiveCfg = RelWithDebInfo|Win32
		{A94E1586-6558-36D9-929F-A967261A1334}.Debug|Win32.ActiveCfg = Debug|Win32
		{A94E1586-6558-36D9-929F-A967261A1334}.Release|Win32.ActiveCfg = Release|Win32
		{A94E1586-6558-36D9-929F-A967261A1334}.MinSizeRel|Win32.ActiveCfg = MinSizeRel|Win32
		{A94E1586-6558-36D9-929F-A967261A1334}.RelWithDebInfo|Win32.ActiveCfg = RelWithDebInfo|Win32
		{F35E1634-4A94-3596-A0D0-9268A8EAEE0A}.Debug|Win32.ActiveCfg = Debug|Win32
		{F35E1634-4A94-3596-A0D0-9268A8EAEE0A}.Debug|Win32.Build.0 = Debug|Win32
		{F35E1634-4A94-3596-A0D0-9268A8EAEE0A}.Release|Win32.ActiveCfg = Release|Win32
		{F35E1634-4A94-3596-A0D0-9268A8EAEE0A}.Release|Win32.Build.0 = Release|Win32
		{F35E1634-4A94-3596-A0D0-9268A8EAEE0A}.MinSizeRel|Win32.ActiveCfg = MinSizeRel|Win32
		{F35E1634-4A94-3596-A0D0-9268A8EAEE0A}.MinSizeRel|Win32.Build.0 = MinSizeRel|Win32
		{F35E1634-4A94-3596-A0D0-9268A8EAEE0A}.RelWithDebInfo|Win32.ActiveCfg = RelWithDebInfo|Win32
		{F35E1634-4A94-3596-A0D0-9268A8EAEE0A}.RelWithDebInfo|Win32.Build.0 = RelWithDebInfo|Win32
		{3F8BE7DC-9941-3707-BB26-868092F7106D}.Debug|Win32.ActiveCfg = Debug|Win32
		{3F8BE7DC-9941-3707-BB26-868092F7106D}.Debug|Win32.Build.0 = Debug|Win32
		{3F8BE7DC-9941-3707-BB26-868092F7106D}.Release|Win32.ActiveCfg = Release|Win32
		{3F8BE7DC-9941-3707-BB26-868092F7106D}.Release|Win32.Build.0 = Release|Win32
		{3F8BE7DC-9941-3707-BB26-868092F7106D}.MinSizeRel|Win32.ActiveCfg = MinSizeRel|Win32
		{3F8BE7DC-9941-3707-BB26-868092F7106D}.MinSizeRel|Win32.Build.0 = MinSizeRel|Win32
		{3F8BE7DC-9941-3707-BB26-868092F7106D}.RelWithDebInfo|Win32.ActiveCfg = RelWithDebInfo|Win32
		{3F8BE7DC-9941-3707-BB26-868092F7106D}.RelWithDebInfo|Win32.Build.0 = RelWithDebInfo|Win32
	EndGlobalSection
	GlobalSection(NestedProjects) = preSolution
		{3726A4DD-7DCE-399E-97E8-BB06DFE29F9A} = {9004C7E5-1769-36E5-892C-CEFF8D7FCAA9}
		{821F23B3-D33B-3E53-9E1E-C50BDAB088D8} = {9004C7E5-1769-36E5-892C-CEFF8D7FCAA9}
		{A94E1586-6558-36D9-929F-A967261A1334} = {9004C7E5-1769-36E5-892C-CEFF8D7FCAA9}
		{F35E1634-4A94-3596-A0D0-9268A8EAEE0A} = {9004C7E5-1769-36E5-892C-CEFF8D7FCAA9}
	EndGlobalSection
	GlobalSection(ExtensibilityGlobals) = postSolution
		SolutionGuid = {792AAA16-0652-33DA-AE4E-66C20AAB7401}
	EndGlobalSection
	GlobalSection(ExtensibilityAddIns) = postSolution
	EndGlobalSection
EndGlobal
